
Microsoft Visual Studio Solution File, Format Version 12.00
# Visual Studio Version 17
VisualStudioVersion = 17.3.32929.385
MinimumVisualStudioVersion = 10.0.40219.1
Project("{FAE04EC0-301F-11D3-BF4B-00C04F79EFBC}") = "OnePageProject1", "OnePageProject1\OnePageProject1.csproj", "{99229193-0D76-45E6-ADB3-3BAABD9E535F}"
EndProject
Global
	GlobalSection(SolutionConfigurationPlatforms) = preSolution
		Debug|Any CPU = Debug|Any CPU
		Release|Any CPU = Release|Any CPU
	EndGlobalSection
	GlobalSection(ProjectConfigurationPlatforms) = postSolution
		{99229193-0D76-45E6-ADB3-3BAABD9E535F}.Debug|Any CPU.ActiveCfg = Debug|Any CPU
		{99229193-0D76-45E6-ADB3-3BAABD9E535F}.Debug|Any CPU.Build.0 = Debug|Any CPU
		{99229193-0D76-45E6-ADB3-3BAABD9E535F}.Release|Any CPU.ActiveCfg = Release|Any CPU
		{99229193-0D76-45E6-ADB3-3BAABD9E535F}.Release|Any CPU.Build.0 = Release|Any CPU
	EndGlobalSection
	GlobalSection(SolutionProperties) = preSolution
		HideSolutionNode = FALSE
	EndGlobalSection
	GlobalSection(ExtensibilityGlobals) = postSolution
		SolutionGuid = {5CD0693E-7F0C-4952-BD83-EDF81EA09D64}
	EndGlobalSection
EndGlobal
